// !$*UTF8*$!
{
	archiveVersion = 1;
	classes = {
	};
	objectVersion = 46;
	objects = {

/* Begin PBXBuildFile section */
		AD76395D1F47121900BDF5A8 /* Lunch.framework in Frameworks */ = {isa = PBXBuildFile; fileRef = AD8D72B01F3DA6D900D5969F /* Lunch.framework */; };
		AD7639641F47122B00BDF5A8 /* LauncherTests.swift in Sources */ = {isa = PBXBuildFile; fileRef = AD7639631F47122B00BDF5A8 /* LauncherTests.swift */; };
		AD76396E1F47150500BDF5A8 /* LunchTest.framework in Frameworks */ = {isa = PBXBuildFile; fileRef = AD8D72D31F3DA70000D5969F /* LunchTest.framework */; };
		AD7639751F47152100BDF5A8 /* LauncherTests.swift in Sources */ = {isa = PBXBuildFile; fileRef = AD7639741F47152100BDF5A8 /* LauncherTests.swift */; };
		AD8D728C1F3DA6C900D5969F /* AppDelegate.swift in Sources */ = {isa = PBXBuildFile; fileRef = AD8D728B1F3DA6C900D5969F /* AppDelegate.swift */; };
		AD8D728E1F3DA6C900D5969F /* LunchViewController.swift in Sources */ = {isa = PBXBuildFile; fileRef = AD8D728D1F3DA6C900D5969F /* LunchViewController.swift */; };
		AD8D72911F3DA6C900D5969F /* Main.storyboard in Resources */ = {isa = PBXBuildFile; fileRef = AD8D728F1F3DA6C900D5969F /* Main.storyboard */; };
		AD8D72931F3DA6C900D5969F /* Assets.xcassets in Resources */ = {isa = PBXBuildFile; fileRef = AD8D72921F3DA6C900D5969F /* Assets.xcassets */; };
		AD8D72961F3DA6C900D5969F /* LaunchScreen.storyboard in Resources */ = {isa = PBXBuildFile; fileRef = AD8D72941F3DA6C900D5969F /* LaunchScreen.storyboard */; };
		AD8D72A11F3DA6C900D5969F /* LunchViewControllerTests.swift in Sources */ = {isa = PBXBuildFile; fileRef = AD8D72A01F3DA6C900D5969F /* LunchViewControllerTests.swift */; };
		AD8D72B41F3DA6D900D5969F /* Lunch.h in Headers */ = {isa = PBXBuildFile; fileRef = AD8D72B21F3DA6D900D5969F /* Lunch.h */; settings = {ATTRIBUTES = (Public, ); }; };
		AD8D72D71F3DA70000D5969F /* LunchTest.h in Headers */ = {isa = PBXBuildFile; fileRef = AD8D72D51F3DA70000D5969F /* LunchTest.h */; settings = {ATTRIBUTES = (Public, ); }; };
		AD8D72E21F3DA80C00D5969F /* Creatable.swift in Sources */ = {isa = PBXBuildFile; fileRef = AD8D72E11F3DA80C00D5969F /* Creatable.swift */; };
		AD8D72E41F3DA83300D5969F /* Launcher.swift in Sources */ = {isa = PBXBuildFile; fileRef = AD8D72E31F3DA83300D5969F /* Launcher.swift */; };
		AD8D72E61F3DA88D00D5969F /* ViewControllerTestable.swift in Sources */ = {isa = PBXBuildFile; fileRef = AD8D72E51F3DA88D00D5969F /* ViewControllerTestable.swift */; };
		AD8D72E81F3DA8A000D5969F /* Launcher.swift in Sources */ = {isa = PBXBuildFile; fileRef = AD8D72E71F3DA8A000D5969F /* Launcher.swift */; };
		AD8D72EB1F3DAA1600D5969F /* PageObjectsRepresentable.swift in Sources */ = {isa = PBXBuildFile; fileRef = AD8D72EA1F3DAA1600D5969F /* PageObjectsRepresentable.swift */; };
		AD8D72EE1F3DAD0E00D5969F /* Creator.swift in Sources */ = {isa = PBXBuildFile; fileRef = AD8D72ED1F3DAD0E00D5969F /* Creator.swift */; };
		AD8D72F31F3DCDEB00D5969F /* LunchViewControllerPage.swift in Sources */ = {isa = PBXBuildFile; fileRef = AD8D72F21F3DCDEB00D5969F /* LunchViewControllerPage.swift */; };
		AD8D72F41F3DCED700D5969F /* LunchTest.framework in Frameworks */ = {isa = PBXBuildFile; fileRef = AD8D72D31F3DA70000D5969F /* LunchTest.framework */; };
		AD8D72F51F3DCF2D00D5969F /* LaunchKeys.swift in Sources */ = {isa = PBXBuildFile; fileRef = AD8D72DF1F3DA74E00D5969F /* LaunchKeys.swift */; };
		AD8D72F61F3DCF2D00D5969F /* LaunchKeys.swift in Sources */ = {isa = PBXBuildFile; fileRef = AD8D72DF1F3DA74E00D5969F /* LaunchKeys.swift */; };
		AD9137B61F8313A6009D0C87 /* LocaleViewController.swift in Sources */ = {isa = PBXBuildFile; fileRef = AD9137B51F8313A6009D0C87 /* LocaleViewController.swift */; };
		AD9137B81F8314E7009D0C87 /* LocaleViewControllerTests.swift in Sources */ = {isa = PBXBuildFile; fileRef = AD9137B71F8314E7009D0C87 /* LocaleViewControllerTests.swift */; };
		AD9137BA1F831563009D0C87 /* LocaleViewControllerPage.swift in Sources */ = {isa = PBXBuildFile; fileRef = AD9137B91F831563009D0C87 /* LocaleViewControllerPage.swift */; };
		AD9137BC1F831699009D0C87 /* ViewControllerNames.swift in Sources */ = {isa = PBXBuildFile; fileRef = AD9137BB1F831699009D0C87 /* ViewControllerNames.swift */; };
		AD9137BD1F8316C2009D0C87 /* ViewControllerNames.swift in Sources */ = {isa = PBXBuildFile; fileRef = AD9137BB1F831699009D0C87 /* ViewControllerNames.swift */; };
		ADFEB5AD1F3DD06500248E78 /* Lunch.framework in Frameworks */ = {isa = PBXBuildFile; fileRef = AD8D72B01F3DA6D900D5969F /* Lunch.framework */; };
		ADFEB5AF1F3DD16500248E78 /* Lunch.framework in Embed Frameworks */ = {isa = PBXBuildFile; fileRef = AD8D72B01F3DA6D900D5969F /* Lunch.framework */; settings = {ATTRIBUTES = (CodeSignOnCopy, RemoveHeadersOnCopy, ); }; };
		ADFEB5B41F3DD1AE00248E78 /* DinnerViewController.swift in Sources */ = {isa = PBXBuildFile; fileRef = ADFEB5B31F3DD1AE00248E78 /* DinnerViewController.swift */; };
		ADFEB5B61F3DD32000248E78 /* DinnerViewControllerPage.swift in Sources */ = {isa = PBXBuildFile; fileRef = ADFEB5B51F3DD32000248E78 /* DinnerViewControllerPage.swift */; };
		ADFEB5B81F3DD38100248E78 /* DinnerViewControllerTests.swift in Sources */ = {isa = PBXBuildFile; fileRef = ADFEB5B71F3DD38100248E78 /* DinnerViewControllerTests.swift */; };
		ADFEB5BB1F3EA19B00248E78 /* BreakfastViewController.swift in Sources */ = {isa = PBXBuildFile; fileRef = ADFEB5BA1F3EA19B00248E78 /* BreakfastViewController.swift */; };
		ADFEB5BD1F3EA1BC00248E78 /* MenuRepresentable.swift in Sources */ = {isa = PBXBuildFile; fileRef = ADFEB5BC1F3EA1BC00248E78 /* MenuRepresentable.swift */; };
		ADFEB5BF1F3EA21700248E78 /* BreakfastViewControllerPage.swift in Sources */ = {isa = PBXBuildFile; fileRef = ADFEB5BE1F3EA21700248E78 /* BreakfastViewControllerPage.swift */; };
		ADFEB5C11F3EA26400248E78 /* BreakfastViewControllerTests.swift in Sources */ = {isa = PBXBuildFile; fileRef = ADFEB5C01F3EA26400248E78 /* BreakfastViewControllerTests.swift */; };
/* End PBXBuildFile section */

/* Begin PBXContainerItemProxy section */
		AD76395E1F47121900BDF5A8 /* PBXContainerItemProxy */ = {
			isa = PBXContainerItemProxy;
			containerPortal = AD8D72801F3DA6C900D5969F /* Project object */;
			proxyType = 1;
			remoteGlobalIDString = AD8D72AF1F3DA6D900D5969F;
			remoteInfo = Lunch;
		};
		AD76396F1F47150500BDF5A8 /* PBXContainerItemProxy */ = {
			isa = PBXContainerItemProxy;
			containerPortal = AD8D72801F3DA6C900D5969F /* Project object */;
			proxyType = 1;
			remoteGlobalIDString = AD8D72D21F3DA70000D5969F;
			remoteInfo = LunchTest;
		};
		AD8D729D1F3DA6C900D5969F /* PBXContainerItemProxy */ = {
			isa = PBXContainerItemProxy;
			containerPortal = AD8D72801F3DA6C900D5969F /* Project object */;
			proxyType = 1;
			remoteGlobalIDString = AD8D72871F3DA6C900D5969F;
			remoteInfo = LunchSample;
		};
		ADFEB5B01F3DD16500248E78 /* PBXContainerItemProxy */ = {
			isa = PBXContainerItemProxy;
			containerPortal = AD8D72801F3DA6C900D5969F /* Project object */;
			proxyType = 1;
			remoteGlobalIDString = AD8D72AF1F3DA6D900D5969F;
			remoteInfo = Lunch;
		};
/* End PBXContainerItemProxy section */

/* Begin PBXCopyFilesBuildPhase section */
		ADFEB5B21F3DD16500248E78 /* Embed Frameworks */ = {
			isa = PBXCopyFilesBuildPhase;
			buildActionMask = 2147483647;
			dstPath = "";
			dstSubfolderSpec = 10;
			files = (
				ADFEB5AF1F3DD16500248E78 /* Lunch.framework in Embed Frameworks */,
			);
			name = "Embed Frameworks";
			runOnlyForDeploymentPostprocessing = 0;
		};
/* End PBXCopyFilesBuildPhase section */

/* Begin PBXFileReference section */
		AD419F4B2131061800A8C9BF /* ja */ = {isa = PBXFileReference; lastKnownFileType = text.plist.strings; name = ja; path = ja.lproj/Main.strings; sourceTree = "<group>"; };
		AD419F4C2131061800A8C9BF /* ja */ = {isa = PBXFileReference; lastKnownFileType = text.plist.strings; name = ja; path = ja.lproj/LaunchScreen.strings; sourceTree = "<group>"; };
		AD7639581F47121900BDF5A8 /* LunchUnitTests.xctest */ = {isa = PBXFileReference; explicitFileType = wrapper.cfbundle; includeInIndex = 0; path = LunchUnitTests.xctest; sourceTree = BUILT_PRODUCTS_DIR; };
		AD76395C1F47121900BDF5A8 /* Info.plist */ = {isa = PBXFileReference; lastKnownFileType = text.plist.xml; path = Info.plist; sourceTree = "<group>"; };
		AD7639631F47122B00BDF5A8 /* LauncherTests.swift */ = {isa = PBXFileReference; fileEncoding = 4; lastKnownFileType = sourcecode.swift; path = LauncherTests.swift; sourceTree = "<group>"; };
		AD7639691F47150500BDF5A8 /* LunchTestTests.xctest */ = {isa = PBXFileReference; explicitFileType = wrapper.cfbundle; includeInIndex = 0; path = LunchTestTests.xctest; sourceTree = BUILT_PRODUCTS_DIR; };
		AD76396D1F47150500BDF5A8 /* Info.plist */ = {isa = PBXFileReference; lastKnownFileType = text.plist.xml; path = Info.plist; sourceTree = "<group>"; };
		AD7639741F47152100BDF5A8 /* LauncherTests.swift */ = {isa = PBXFileReference; fileEncoding = 4; lastKnownFileType = sourcecode.swift; path = LauncherTests.swift; sourceTree = "<group>"; };
		AD8D72881F3DA6C900D5969F /* LunchSample.app */ = {isa = PBXFileReference; explicitFileType = wrapper.application; includeInIndex = 0; path = LunchSample.app; sourceTree = BUILT_PRODUCTS_DIR; };
		AD8D728B1F3DA6C900D5969F /* AppDelegate.swift */ = {isa = PBXFileReference; lastKnownFileType = sourcecode.swift; path = AppDelegate.swift; sourceTree = "<group>"; };
		AD8D728D1F3DA6C900D5969F /* LunchViewController.swift */ = {isa = PBXFileReference; lastKnownFileType = sourcecode.swift; path = LunchViewController.swift; sourceTree = "<group>"; };
		AD8D72901F3DA6C900D5969F /* Base */ = {isa = PBXFileReference; lastKnownFileType = file.storyboard; name = Base; path = Base.lproj/Main.storyboard; sourceTree = "<group>"; };
		AD8D72921F3DA6C900D5969F /* Assets.xcassets */ = {isa = PBXFileReference; lastKnownFileType = folder.assetcatalog; path = Assets.xcassets; sourceTree = "<group>"; };
		AD8D72951F3DA6C900D5969F /* Base */ = {isa = PBXFileReference; lastKnownFileType = file.storyboard; name = Base; path = Base.lproj/LaunchScreen.storyboard; sourceTree = "<group>"; };
		AD8D72971F3DA6C900D5969F /* Info.plist */ = {isa = PBXFileReference; lastKnownFileType = text.plist.xml; path = Info.plist; sourceTree = "<group>"; };
		AD8D729C1F3DA6C900D5969F /* LunchSampleUITests.xctest */ = {isa = PBXFileReference; explicitFileType = wrapper.cfbundle; includeInIndex = 0; path = LunchSampleUITests.xctest; sourceTree = BUILT_PRODUCTS_DIR; };
		AD8D72A01F3DA6C900D5969F /* LunchViewControllerTests.swift */ = {isa = PBXFileReference; lastKnownFileType = sourcecode.swift; path = LunchViewControllerTests.swift; sourceTree = "<group>"; };
		AD8D72A21F3DA6C900D5969F /* Info.plist */ = {isa = PBXFileReference; lastKnownFileType = text.plist.xml; path = Info.plist; sourceTree = "<group>"; };
		AD8D72B01F3DA6D900D5969F /* Lunch.framework */ = {isa = PBXFileReference; explicitFileType = wrapper.framework; includeInIndex = 0; path = Lunch.framework; sourceTree = BUILT_PRODUCTS_DIR; };
		AD8D72B21F3DA6D900D5969F /* Lunch.h */ = {isa = PBXFileReference; lastKnownFileType = sourcecode.c.h; path = Lunch.h; sourceTree = "<group>"; };
		AD8D72B31F3DA6D900D5969F /* Info.plist */ = {isa = PBXFileReference; lastKnownFileType = text.plist.xml; path = Info.plist; sourceTree = "<group>"; };
		AD8D72D31F3DA70000D5969F /* LunchTest.framework */ = {isa = PBXFileReference; explicitFileType = wrapper.framework; includeInIndex = 0; path = LunchTest.framework; sourceTree = BUILT_PRODUCTS_DIR; };
		AD8D72D51F3DA70000D5969F /* LunchTest.h */ = {isa = PBXFileReference; lastKnownFileType = sourcecode.c.h; path = LunchTest.h; sourceTree = "<group>"; };
		AD8D72D61F3DA70000D5969F /* Info.plist */ = {isa = PBXFileReference; lastKnownFileType = text.plist.xml; path = Info.plist; sourceTree = "<group>"; };
		AD8D72DF1F3DA74E00D5969F /* LaunchKeys.swift */ = {isa = PBXFileReference; fileEncoding = 4; lastKnownFileType = sourcecode.swift; name = LaunchKeys.swift; path = Lunch/LaunchKeys.swift; sourceTree = SOURCE_ROOT; };
		AD8D72E11F3DA80C00D5969F /* Creatable.swift */ = {isa = PBXFileReference; fileEncoding = 4; lastKnownFileType = sourcecode.swift; path = Creatable.swift; sourceTree = "<group>"; };
		AD8D72E31F3DA83300D5969F /* Launcher.swift */ = {isa = PBXFileReference; fileEncoding = 4; lastKnownFileType = sourcecode.swift; path = Launcher.swift; sourceTree = "<group>"; };
		AD8D72E51F3DA88D00D5969F /* ViewControllerTestable.swift */ = {isa = PBXFileReference; fileEncoding = 4; lastKnownFileType = sourcecode.swift; path = ViewControllerTestable.swift; sourceTree = "<group>"; };
		AD8D72E71F3DA8A000D5969F /* Launcher.swift */ = {isa = PBXFileReference; fileEncoding = 4; lastKnownFileType = sourcecode.swift; path = Launcher.swift; sourceTree = "<group>"; };
		AD8D72EA1F3DAA1600D5969F /* PageObjectsRepresentable.swift */ = {isa = PBXFileReference; fileEncoding = 4; lastKnownFileType = sourcecode.swift; path = PageObjectsRepresentable.swift; sourceTree = "<group>"; };
		AD8D72ED1F3DAD0E00D5969F /* Creator.swift */ = {isa = PBXFileReference; fileEncoding = 4; lastKnownFileType = sourcecode.swift; path = Creator.swift; sourceTree = "<group>"; };
		AD8D72EF1F3DC8AD00D5969F /* README.md */ = {isa = PBXFileReference; lastKnownFileType = net.daringfireball.markdown; path = README.md; sourceTree = "<group>"; };
		AD8D72F01F3DC8B900D5969F /* LICENSE.md */ = {isa = PBXFileReference; lastKnownFileType = net.daringfireball.markdown; path = LICENSE.md; sourceTree = "<group>"; };
		AD8D72F21F3DCDEB00D5969F /* LunchViewControllerPage.swift */ = {isa = PBXFileReference; fileEncoding = 4; lastKnownFileType = sourcecode.swift; path = LunchViewControllerPage.swift; sourceTree = "<group>"; };
		AD9137B51F8313A6009D0C87 /* LocaleViewController.swift */ = {isa = PBXFileReference; lastKnownFileType = sourcecode.swift; path = LocaleViewController.swift; sourceTree = "<group>"; };
		AD9137B71F8314E7009D0C87 /* LocaleViewControllerTests.swift */ = {isa = PBXFileReference; lastKnownFileType = sourcecode.swift; path = LocaleViewControllerTests.swift; sourceTree = "<group>"; };
		AD9137B91F831563009D0C87 /* LocaleViewControllerPage.swift */ = {isa = PBXFileReference; lastKnownFileType = sourcecode.swift; path = LocaleViewControllerPage.swift; sourceTree = "<group>"; };
		AD9137BB1F831699009D0C87 /* ViewControllerNames.swift */ = {isa = PBXFileReference; lastKnownFileType = sourcecode.swift; path = ViewControllerNames.swift; sourceTree = "<group>"; };
		ADFEB5B31F3DD1AE00248E78 /* DinnerViewController.swift */ = {isa = PBXFileReference; fileEncoding = 4; lastKnownFileType = sourcecode.swift; path = DinnerViewController.swift; sourceTree = "<group>"; };
		ADFEB5B51F3DD32000248E78 /* DinnerViewControllerPage.swift */ = {isa = PBXFileReference; fileEncoding = 4; lastKnownFileType = sourcecode.swift; path = DinnerViewControllerPage.swift; sourceTree = "<group>"; };
		ADFEB5B71F3DD38100248E78 /* DinnerViewControllerTests.swift */ = {isa = PBXFileReference; fileEncoding = 4; lastKnownFileType = sourcecode.swift; path = DinnerViewControllerTests.swift; sourceTree = "<group>"; };
		ADFEB5BA1F3EA19B00248E78 /* BreakfastViewController.swift */ = {isa = PBXFileReference; fileEncoding = 4; lastKnownFileType = sourcecode.swift; path = BreakfastViewController.swift; sourceTree = "<group>"; };
		ADFEB5BC1F3EA1BC00248E78 /* MenuRepresentable.swift */ = {isa = PBXFileReference; fileEncoding = 4; lastKnownFileType = sourcecode.swift; path = MenuRepresentable.swift; sourceTree = "<group>"; };
		ADFEB5BE1F3EA21700248E78 /* BreakfastViewControllerPage.swift */ = {isa = PBXFileReference; fileEncoding = 4; lastKnownFileType = sourcecode.swift; path = BreakfastViewControllerPage.swift; sourceTree = "<group>"; };
		ADFEB5C01F3EA26400248E78 /* BreakfastViewControllerTests.swift */ = {isa = PBXFileReference; fileEncoding = 4; lastKnownFileType = sourcecode.swift; path = BreakfastViewControllerTests.swift; sourceTree = "<group>"; };
/* End PBXFileReference section */

/* Begin PBXFrameworksBuildPhase section */
		AD7639551F47121900BDF5A8 /* Frameworks */ = {
			isa = PBXFrameworksBuildPhase;
			buildActionMask = 2147483647;
			files = (
				AD76395D1F47121900BDF5A8 /* Lunch.framework in Frameworks */,
			);
			runOnlyForDeploymentPostprocessing = 0;
		};
		AD7639661F47150500BDF5A8 /* Frameworks */ = {
			isa = PBXFrameworksBuildPhase;
			buildActionMask = 2147483647;
			files = (
				AD76396E1F47150500BDF5A8 /* LunchTest.framework in Frameworks */,
			);
			runOnlyForDeploymentPostprocessing = 0;
		};
		AD8D72851F3DA6C900D5969F /* Frameworks */ = {
			isa = PBXFrameworksBuildPhase;
			buildActionMask = 2147483647;
			files = (
				ADFEB5AD1F3DD06500248E78 /* Lunch.framework in Frameworks */,
			);
			runOnlyForDeploymentPostprocessing = 0;
		};
		AD8D72991F3DA6C900D5969F /* Frameworks */ = {
			isa = PBXFrameworksBuildPhase;
			buildActionMask = 2147483647;
			files = (
				AD8D72F41F3DCED700D5969F /* LunchTest.framework in Frameworks */,
			);
			runOnlyForDeploymentPostprocessing = 0;
		};
		AD8D72AC1F3DA6D900D5969F /* Frameworks */ = {
			isa = PBXFrameworksBuildPhase;
			buildActionMask = 2147483647;
			files = (
			);
			runOnlyForDeploymentPostprocessing = 0;
		};
		AD8D72CF1F3DA70000D5969F /* Frameworks */ = {
			isa = PBXFrameworksBuildPhase;
			buildActionMask = 2147483647;
			files = (
			);
			runOnlyForDeploymentPostprocessing = 0;
		};
/* End PBXFrameworksBuildPhase section */

/* Begin PBXGroup section */
		AD7639591F47121900BDF5A8 /* LunchUnitTests */ = {
			isa = PBXGroup;
			children = (
				AD7639631F47122B00BDF5A8 /* LauncherTests.swift */,
				AD76395C1F47121900BDF5A8 /* Info.plist */,
			);
			path = LunchUnitTests;
			sourceTree = "<group>";
		};
		AD76396A1F47150500BDF5A8 /* LunchTestTests */ = {
			isa = PBXGroup;
			children = (
				AD76396D1F47150500BDF5A8 /* Info.plist */,
				AD7639741F47152100BDF5A8 /* LauncherTests.swift */,
			);
			path = LunchTestTests;
			sourceTree = "<group>";
		};
		AD8D727F1F3DA6C900D5969F = {
			isa = PBXGroup;
			children = (
				AD8D72F01F3DC8B900D5969F /* LICENSE.md */,
				AD8D72EF1F3DC8AD00D5969F /* README.md */,
				AD8D728A1F3DA6C900D5969F /* LunchSample */,
				AD8D729F1F3DA6C900D5969F /* LunchSampleUITests */,
				AD8D72B11F3DA6D900D5969F /* Lunch */,
				AD8D72D41F3DA70000D5969F /* LunchTest */,
				AD7639591F47121900BDF5A8 /* LunchUnitTests */,
				AD76396A1F47150500BDF5A8 /* LunchTestTests */,
				AD8D72891F3DA6C900D5969F /* Products */,
			);
			sourceTree = "<group>";
		};
		AD8D72891F3DA6C900D5969F /* Products */ = {
			isa = PBXGroup;
			children = (
				AD8D72881F3DA6C900D5969F /* LunchSample.app */,
				AD8D729C1F3DA6C900D5969F /* LunchSampleUITests.xctest */,
				AD8D72B01F3DA6D900D5969F /* Lunch.framework */,
				AD8D72D31F3DA70000D5969F /* LunchTest.framework */,
				AD7639581F47121900BDF5A8 /* LunchUnitTests.xctest */,
				AD7639691F47150500BDF5A8 /* LunchTestTests.xctest */,
			);
			name = Products;
			sourceTree = "<group>";
		};
		AD8D728A1F3DA6C900D5969F /* LunchSample */ = {
			isa = PBXGroup;
			children = (
				ADFEB5B91F3E982D00248E78 /* Models */,
				AD8D72EC1F3DAC2E00D5969F /* Supports */,
				AD8D728B1F3DA6C900D5969F /* AppDelegate.swift */,
				ADFEB5BA1F3EA19B00248E78 /* BreakfastViewController.swift */,
				AD8D728D1F3DA6C900D5969F /* LunchViewController.swift */,
				ADFEB5B31F3DD1AE00248E78 /* DinnerViewController.swift */,
				AD9137B51F8313A6009D0C87 /* LocaleViewController.swift */,
				AD8D728F1F3DA6C900D5969F /* Main.storyboard */,
				AD8D72921F3DA6C900D5969F /* Assets.xcassets */,
				AD8D72941F3DA6C900D5969F /* LaunchScreen.storyboard */,
				AD8D72971F3DA6C900D5969F /* Info.plist */,
			);
			path = LunchSample;
			sourceTree = "<group>";
		};
		AD8D729F1F3DA6C900D5969F /* LunchSampleUITests */ = {
			isa = PBXGroup;
			children = (
				AD8D72F11F3DCDCF00D5969F /* Pages */,
				AD8D72A01F3DA6C900D5969F /* LunchViewControllerTests.swift */,
				ADFEB5B71F3DD38100248E78 /* DinnerViewControllerTests.swift */,
				ADFEB5C01F3EA26400248E78 /* BreakfastViewControllerTests.swift */,
				AD9137B71F8314E7009D0C87 /* LocaleViewControllerTests.swift */,
				AD8D72A21F3DA6C900D5969F /* Info.plist */,
			);
			path = LunchSampleUITests;
			sourceTree = "<group>";
		};
		AD8D72B11F3DA6D900D5969F /* Lunch */ = {
			isa = PBXGroup;
			children = (
				AD8D72B21F3DA6D900D5969F /* Lunch.h */,
				AD8D72B31F3DA6D900D5969F /* Info.plist */,
				AD8D72E11F3DA80C00D5969F /* Creatable.swift */,
				AD8D72E31F3DA83300D5969F /* Launcher.swift */,
				AD8D72DF1F3DA74E00D5969F /* LaunchKeys.swift */,
			);
			path = Lunch;
			sourceTree = "<group>";
		};
		AD8D72D41F3DA70000D5969F /* LunchTest */ = {
			isa = PBXGroup;
			children = (
				AD8D72D51F3DA70000D5969F /* LunchTest.h */,
				AD8D72D61F3DA70000D5969F /* Info.plist */,
				AD8D72E51F3DA88D00D5969F /* ViewControllerTestable.swift */,
				AD8D72EA1F3DAA1600D5969F /* PageObjectsRepresentable.swift */,
				AD8D72E71F3DA8A000D5969F /* Launcher.swift */,
			);
			path = LunchTest;
			sourceTree = "<group>";
		};
		AD8D72EC1F3DAC2E00D5969F /* Supports */ = {
			isa = PBXGroup;
			children = (
				AD8D72ED1F3DAD0E00D5969F /* Creator.swift */,
				AD9137BB1F831699009D0C87 /* ViewControllerNames.swift */,
			);
			path = Supports;
			sourceTree = "<group>";
		};
		AD8D72F11F3DCDCF00D5969F /* Pages */ = {
			isa = PBXGroup;
			children = (
				AD8D72F21F3DCDEB00D5969F /* LunchViewControllerPage.swift */,
				ADFEB5B51F3DD32000248E78 /* DinnerViewControllerPage.swift */,
				ADFEB5BE1F3EA21700248E78 /* BreakfastViewControllerPage.swift */,
				AD9137B91F831563009D0C87 /* LocaleViewControllerPage.swift */,
			);
			name = Pages;
			path = Components;
			sourceTree = "<group>";
		};
		ADFEB5B91F3E982D00248E78 /* Models */ = {
			isa = PBXGroup;
			children = (
				ADFEB5BC1F3EA1BC00248E78 /* MenuRepresentable.swift */,
			);
			name = Models;
			sourceTree = "<group>";
		};
/* End PBXGroup section */

/* Begin PBXHeadersBuildPhase section */
		AD8D72AD1F3DA6D900D5969F /* Headers */ = {
			isa = PBXHeadersBuildPhase;
			buildActionMask = 2147483647;
			files = (
				AD8D72B41F3DA6D900D5969F /* Lunch.h in Headers */,
			);
			runOnlyForDeploymentPostprocessing = 0;
		};
		AD8D72D01F3DA70000D5969F /* Headers */ = {
			isa = PBXHeadersBuildPhase;
			buildActionMask = 2147483647;
			files = (
				AD8D72D71F3DA70000D5969F /* LunchTest.h in Headers */,
			);
			runOnlyForDeploymentPostprocessing = 0;
		};
/* End PBXHeadersBuildPhase section */

/* Begin PBXNativeTarget section */
		AD7639571F47121900BDF5A8 /* LunchUnitTests */ = {
			isa = PBXNativeTarget;
			buildConfigurationList = AD7639621F47121900BDF5A8 /* Build configuration list for PBXNativeTarget "LunchUnitTests" */;
			buildPhases = (
				AD7639541F47121900BDF5A8 /* Sources */,
				AD7639551F47121900BDF5A8 /* Frameworks */,
				AD7639561F47121900BDF5A8 /* Resources */,
			);
			buildRules = (
			);
			dependencies = (
				AD76395F1F47121900BDF5A8 /* PBXTargetDependency */,
			);
			name = LunchUnitTests;
			productName = LunchUnitTests;
			productReference = AD7639581F47121900BDF5A8 /* LunchUnitTests.xctest */;
			productType = "com.apple.product-type.bundle.unit-test";
		};
		AD7639681F47150500BDF5A8 /* LunchTestTests */ = {
			isa = PBXNativeTarget;
			buildConfigurationList = AD7639711F47150500BDF5A8 /* Build configuration list for PBXNativeTarget "LunchTestTests" */;
			buildPhases = (
				AD7639651F47150500BDF5A8 /* Sources */,
				AD7639661F47150500BDF5A8 /* Frameworks */,
				AD7639671F47150500BDF5A8 /* Resources */,
			);
			buildRules = (
			);
			dependencies = (
				AD7639701F47150500BDF5A8 /* PBXTargetDependency */,
			);
			name = LunchTestTests;
			productName = LunchTestTests;
			productReference = AD7639691F47150500BDF5A8 /* LunchTestTests.xctest */;
			productType = "com.apple.product-type.bundle.unit-test";
		};
		AD8D72871F3DA6C900D5969F /* LunchSample */ = {
			isa = PBXNativeTarget;
			buildConfigurationList = AD8D72A51F3DA6C900D5969F /* Build configuration list for PBXNativeTarget "LunchSample" */;
			buildPhases = (
				AD8D72841F3DA6C900D5969F /* Sources */,
				AD8D72851F3DA6C900D5969F /* Frameworks */,
				AD8D72861F3DA6C900D5969F /* Resources */,
				ADFEB5B21F3DD16500248E78 /* Embed Frameworks */,
			);
			buildRules = (
			);
			dependencies = (
				ADFEB5B11F3DD16500248E78 /* PBXTargetDependency */,
			);
			name = LunchSample;
			productName = LunchSample;
			productReference = AD8D72881F3DA6C900D5969F /* LunchSample.app */;
			productType = "com.apple.product-type.application";
		};
		AD8D729B1F3DA6C900D5969F /* LunchSampleUITests */ = {
			isa = PBXNativeTarget;
			buildConfigurationList = AD8D72A81F3DA6C900D5969F /* Build configuration list for PBXNativeTarget "LunchSampleUITests" */;
			buildPhases = (
				AD8D72981F3DA6C900D5969F /* Sources */,
				AD8D72991F3DA6C900D5969F /* Frameworks */,
				AD8D729A1F3DA6C900D5969F /* Resources */,
			);
			buildRules = (
			);
			dependencies = (
				AD8D729E1F3DA6C900D5969F /* PBXTargetDependency */,
			);
			name = LunchSampleUITests;
			productName = LunchSampleUITests;
			productReference = AD8D729C1F3DA6C900D5969F /* LunchSampleUITests.xctest */;
			productType = "com.apple.product-type.bundle.ui-testing";
		};
		AD8D72AF1F3DA6D900D5969F /* Lunch */ = {
			isa = PBXNativeTarget;
			buildConfigurationList = AD8D72B91F3DA6D900D5969F /* Build configuration list for PBXNativeTarget "Lunch" */;
			buildPhases = (
				AD8D72AB1F3DA6D900D5969F /* Sources */,
				AD8D72AC1F3DA6D900D5969F /* Frameworks */,
				AD8D72AD1F3DA6D900D5969F /* Headers */,
				AD8D72AE1F3DA6D900D5969F /* Resources */,
			);
			buildRules = (
			);
			dependencies = (
			);
			name = Lunch;
			productName = Lunch;
			productReference = AD8D72B01F3DA6D900D5969F /* Lunch.framework */;
			productType = "com.apple.product-type.framework";
		};
		AD8D72D21F3DA70000D5969F /* LunchTest */ = {
			isa = PBXNativeTarget;
			buildConfigurationList = AD8D72DC1F3DA70000D5969F /* Build configuration list for PBXNativeTarget "LunchTest" */;
			buildPhases = (
				AD8D72CE1F3DA70000D5969F /* Sources */,
				AD8D72CF1F3DA70000D5969F /* Frameworks */,
				AD8D72D01F3DA70000D5969F /* Headers */,
				AD8D72D11F3DA70000D5969F /* Resources */,
			);
			buildRules = (
			);
			dependencies = (
			);
			name = LunchTest;
			productName = LunchTest;
			productReference = AD8D72D31F3DA70000D5969F /* LunchTest.framework */;
			productType = "com.apple.product-type.framework";
		};
/* End PBXNativeTarget section */

/* Begin PBXProject section */
		AD8D72801F3DA6C900D5969F /* Project object */ = {
			isa = PBXProject;
			attributes = {
				LastSwiftUpdateCheck = 0830;
				LastUpgradeCheck = 0930;
				ORGANIZATIONNAME = fromKK;
				TargetAttributes = {
					AD7639571F47121900BDF5A8 = {
						CreatedOnToolsVersion = 8.3.3;
						DevelopmentTeam = K84E4S7G4C;
						LastSwiftMigration = 1000;
						ProvisioningStyle = Automatic;
					};
					AD7639681F47150500BDF5A8 = {
						CreatedOnToolsVersion = 8.3.3;
						DevelopmentTeam = K84E4S7G4C;
						LastSwiftMigration = 0930;
						ProvisioningStyle = Automatic;
					};
					AD8D72871F3DA6C900D5969F = {
						CreatedOnToolsVersion = 8.3.3;
						ProvisioningStyle = Manual;
					};
					AD8D729B1F3DA6C900D5969F = {
						CreatedOnToolsVersion = 8.3.3;
						LastSwiftMigration = 1000;
						ProvisioningStyle = Manual;
						TestTargetID = AD8D72871F3DA6C900D5969F;
					};
					AD8D72AF1F3DA6D900D5969F = {
						CreatedOnToolsVersion = 8.3.3;
						LastSwiftMigration = 1000;
						ProvisioningStyle = Manual;
					};
					AD8D72D21F3DA70000D5969F = {
						CreatedOnToolsVersion = 8.3.3;
						LastSwiftMigration = 1000;
						ProvisioningStyle = Manual;
					};
				};
			};
			buildConfigurationList = AD8D72831F3DA6C900D5969F /* Build configuration list for PBXProject "LunchSample" */;
			compatibilityVersion = "Xcode 3.2";
			developmentRegion = English;
			hasScannedForEncodings = 0;
			knownRegions = (
				en,
				Base,
			);
			mainGroup = AD8D727F1F3DA6C900D5969F;
			productRefGroup = AD8D72891F3DA6C900D5969F /* Products */;
			projectDirPath = "";
			projectRoot = "";
			targets = (
				AD8D72871F3DA6C900D5969F /* LunchSample */,
				AD8D729B1F3DA6C900D5969F /* LunchSampleUITests */,
				AD8D72AF1F3DA6D900D5969F /* Lunch */,
				AD8D72D21F3DA70000D5969F /* LunchTest */,
				AD7639571F47121900BDF5A8 /* LunchUnitTests */,
				AD7639681F47150500BDF5A8 /* LunchTestTests */,
			);
		};
/* End PBXProject section */

/* Begin PBXResourcesBuildPhase section */
		AD7639561F47121900BDF5A8 /* Resources */ = {
			isa = PBXResourcesBuildPhase;
			buildActionMask = 2147483647;
			files = (
			);
			runOnlyForDeploymentPostprocessing = 0;
		};
		AD7639671F47150500BDF5A8 /* Resources */ = {
			isa = PBXResourcesBuildPhase;
			buildActionMask = 2147483647;
			files = (
			);
			runOnlyForDeploymentPostprocessing = 0;
		};
		AD8D72861F3DA6C900D5969F /* Resources */ = {
			isa = PBXResourcesBuildPhase;
			buildActionMask = 2147483647;
			files = (
				AD8D72961F3DA6C900D5969F /* LaunchScreen.storyboard in Resources */,
				AD8D72931F3DA6C900D5969F /* Assets.xcassets in Resources */,
				AD8D72911F3DA6C900D5969F /* Main.storyboard in Resources */,
			);
			runOnlyForDeploymentPostprocessing = 0;
		};
		AD8D729A1F3DA6C900D5969F /* Resources */ = {
			isa = PBXResourcesBuildPhase;
			buildActionMask = 2147483647;
			files = (
			);
			runOnlyForDeploymentPostprocessing = 0;
		};
		AD8D72AE1F3DA6D900D5969F /* Resources */ = {
			isa = PBXResourcesBuildPhase;
			buildActionMask = 2147483647;
			files = (
			);
			runOnlyForDeploymentPostprocessing = 0;
		};
		AD8D72D11F3DA70000D5969F /* Resources */ = {
			isa = PBXResourcesBuildPhase;
			buildActionMask = 2147483647;
			files = (
			);
			runOnlyForDeploymentPostprocessing = 0;
		};
/* End PBXResourcesBuildPhase section */

/* Begin PBXSourcesBuildPhase section */
		AD7639541F47121900BDF5A8 /* Sources */ = {
			isa = PBXSourcesBuildPhase;
			buildActionMask = 2147483647;
			files = (
				AD7639641F47122B00BDF5A8 /* LauncherTests.swift in Sources */,
			);
			runOnlyForDeploymentPostprocessing = 0;
		};
		AD7639651F47150500BDF5A8 /* Sources */ = {
			isa = PBXSourcesBuildPhase;
			buildActionMask = 2147483647;
			files = (
				AD7639751F47152100BDF5A8 /* LauncherTests.swift in Sources */,
			);
			runOnlyForDeploymentPostprocessing = 0;
		};
		AD8D72841F3DA6C900D5969F /* Sources */ = {
			isa = PBXSourcesBuildPhase;
			buildActionMask = 2147483647;
			files = (
				ADFEB5B41F3DD1AE00248E78 /* DinnerViewController.swift in Sources */,
				ADFEB5BB1F3EA19B00248E78 /* BreakfastViewController.swift in Sources */,
				AD8D728E1F3DA6C900D5969F /* LunchViewController.swift in Sources */,
				ADFEB5BD1F3EA1BC00248E78 /* MenuRepresentable.swift in Sources */,
				AD9137B61F8313A6009D0C87 /* LocaleViewController.swift in Sources */,
				AD8D72EE1F3DAD0E00D5969F /* Creator.swift in Sources */,
				AD8D728C1F3DA6C900D5969F /* AppDelegate.swift in Sources */,
				AD9137BC1F831699009D0C87 /* ViewControllerNames.swift in Sources */,
			);
			runOnlyForDeploymentPostprocessing = 0;
		};
		AD8D72981F3DA6C900D5969F /* Sources */ = {
			isa = PBXSourcesBuildPhase;
			buildActionMask = 2147483647;
			files = (
				ADFEB5B81F3DD38100248E78 /* DinnerViewControllerTests.swift in Sources */,
				AD9137B81F8314E7009D0C87 /* LocaleViewControllerTests.swift in Sources */,
				ADFEB5BF1F3EA21700248E78 /* BreakfastViewControllerPage.swift in Sources */,
				ADFEB5C11F3EA26400248E78 /* BreakfastViewControllerTests.swift in Sources */,
				AD8D72A11F3DA6C900D5969F /* LunchViewControllerTests.swift in Sources */,
				AD9137BA1F831563009D0C87 /* LocaleViewControllerPage.swift in Sources */,
				ADFEB5B61F3DD32000248E78 /* DinnerViewControllerPage.swift in Sources */,
				AD9137BD1F8316C2009D0C87 /* ViewControllerNames.swift in Sources */,
				AD8D72F31F3DCDEB00D5969F /* LunchViewControllerPage.swift in Sources */,
			);
			runOnlyForDeploymentPostprocessing = 0;
		};
		AD8D72AB1F3DA6D900D5969F /* Sources */ = {
			isa = PBXSourcesBuildPhase;
			buildActionMask = 2147483647;
			files = (
				AD8D72F51F3DCF2D00D5969F /* LaunchKeys.swift in Sources */,
				AD8D72E21F3DA80C00D5969F /* Creatable.swift in Sources */,
				AD8D72E41F3DA83300D5969F /* Launcher.swift in Sources */,
			);
			runOnlyForDeploymentPostprocessing = 0;
		};
		AD8D72CE1F3DA70000D5969F /* Sources */ = {
			isa = PBXSourcesBuildPhase;
			buildActionMask = 2147483647;
			files = (
				AD8D72E61F3DA88D00D5969F /* ViewControllerTestable.swift in Sources */,
				AD8D72EB1F3DAA1600D5969F /* PageObjectsRepresentable.swift in Sources */,
				AD8D72F61F3DCF2D00D5969F /* LaunchKeys.swift in Sources */,
				AD8D72E81F3DA8A000D5969F /* Launcher.swift in Sources */,
			);
			runOnlyForDeploymentPostprocessing = 0;
		};
/* End PBXSourcesBuildPhase section */

/* Begin PBXTargetDependency section */
		AD76395F1F47121900BDF5A8 /* PBXTargetDependency */ = {
			isa = PBXTargetDependency;
			target = AD8D72AF1F3DA6D900D5969F /* Lunch */;
			targetProxy = AD76395E1F47121900BDF5A8 /* PBXContainerItemProxy */;
		};
		AD7639701F47150500BDF5A8 /* PBXTargetDependency */ = {
			isa = PBXTargetDependency;
			target = AD8D72D21F3DA70000D5969F /* LunchTest */;
			targetProxy = AD76396F1F47150500BDF5A8 /* PBXContainerItemProxy */;
		};
		AD8D729E1F3DA6C900D5969F /* PBXTargetDependency */ = {
			isa = PBXTargetDependency;
			target = AD8D72871F3DA6C900D5969F /* LunchSample */;
			targetProxy = AD8D729D1F3DA6C900D5969F /* PBXContainerItemProxy */;
		};
		ADFEB5B11F3DD16500248E78 /* PBXTargetDependency */ = {
			isa = PBXTargetDependency;
			target = AD8D72AF1F3DA6D900D5969F /* Lunch */;
			targetProxy = ADFEB5B01F3DD16500248E78 /* PBXContainerItemProxy */;
		};
/* End PBXTargetDependency section */

/* Begin PBXVariantGroup section */
		AD8D728F1F3DA6C900D5969F /* Main.storyboard */ = {
			isa = PBXVariantGroup;
			children = (
				AD8D72901F3DA6C900D5969F /* Base */,
				AD419F4B2131061800A8C9BF /* ja */,
			);
			name = Main.storyboard;
			sourceTree = "<group>";
		};
		AD8D72941F3DA6C900D5969F /* LaunchScreen.storyboard */ = {
			isa = PBXVariantGroup;
			children = (
				AD8D72951F3DA6C900D5969F /* Base */,
				AD419F4C2131061800A8C9BF /* ja */,
			);
			name = LaunchScreen.storyboard;
			sourceTree = "<group>";
		};
/* End PBXVariantGroup section */

/* Begin XCBuildConfiguration section */
		AD7639601F47121900BDF5A8 /* Debug */ = {
			isa = XCBuildConfiguration;
			buildSettings = {
				DEVELOPMENT_TEAM = K84E4S7G4C;
				INFOPLIST_FILE = LunchUnitTests/Info.plist;
				IPHONEOS_DEPLOYMENT_TARGET = 10.3;
				LD_RUNPATH_SEARCH_PATHS = "$(inherited) @executable_path/Frameworks @loader_path/Frameworks";
				PRODUCT_BUNDLE_IDENTIFIER = fromkk.me.LunchUnitTests;
				PRODUCT_NAME = "$(TARGET_NAME)";
				SWIFT_SWIFT3_OBJC_INFERENCE = On;
				SWIFT_VERSION = 4.2;
			};
			name = Debug;
		};
		AD7639611F47121900BDF5A8 /* Release */ = {
			isa = XCBuildConfiguration;
			buildSettings = {
				DEVELOPMENT_TEAM = K84E4S7G4C;
				INFOPLIST_FILE = LunchUnitTests/Info.plist;
				IPHONEOS_DEPLOYMENT_TARGET = 10.3;
				LD_RUNPATH_SEARCH_PATHS = "$(inherited) @executable_path/Frameworks @loader_path/Frameworks";
				PRODUCT_BUNDLE_IDENTIFIER = fromkk.me.LunchUnitTests;
				PRODUCT_NAME = "$(TARGET_NAME)";
				SWIFT_SWIFT3_OBJC_INFERENCE = On;
				SWIFT_VERSION = 4.2;
			};
			name = Release;
		};
		AD7639721F47150500BDF5A8 /* Debug */ = {
			isa = XCBuildConfiguration;
			buildSettings = {
				CLANG_ENABLE_MODULES = YES;
				DEVELOPMENT_TEAM = K84E4S7G4C;
				INFOPLIST_FILE = LunchTestTests/Info.plist;
				IPHONEOS_DEPLOYMENT_TARGET = 10.3;
				LD_RUNPATH_SEARCH_PATHS = "$(inherited) @executable_path/Frameworks @loader_path/Frameworks";
				PRODUCT_BUNDLE_IDENTIFIER = fromkk.me.LunchTestTests;
				PRODUCT_NAME = "$(TARGET_NAME)";
				SWIFT_OPTIMIZATION_LEVEL = "-Onone";
				SWIFT_SWIFT3_OBJC_INFERENCE = On;
				SWIFT_VERSION = 4.2;
			};
			name = Debug;
		};
		AD7639731F47150500BDF5A8 /* Release */ = {
			isa = XCBuildConfiguration;
			buildSettings = {
				CLANG_ENABLE_MODULES = YES;
				DEVELOPMENT_TEAM = K84E4S7G4C;
				INFOPLIST_FILE = LunchTestTests/Info.plist;
				IPHONEOS_DEPLOYMENT_TARGET = 10.3;
				LD_RUNPATH_SEARCH_PATHS = "$(inherited) @executable_path/Frameworks @loader_path/Frameworks";
				PRODUCT_BUNDLE_IDENTIFIER = fromkk.me.LunchTestTests;
				PRODUCT_NAME = "$(TARGET_NAME)";
				SWIFT_SWIFT3_OBJC_INFERENCE = On;
				SWIFT_VERSION = 4.2;
			};
			name = Release;
		};
		AD8D72A31F3DA6C900D5969F /* Debug */ = {
			isa = XCBuildConfiguration;
			buildSettings = {
				ALWAYS_SEARCH_USER_PATHS = NO;
				CLANG_ANALYZER_LOCALIZABILITY_NONLOCALIZED = YES;
				CLANG_ANALYZER_NONNULL = YES;
				CLANG_ANALYZER_NUMBER_OBJECT_CONVERSION = YES_AGGRESSIVE;
				CLANG_CXX_LANGUAGE_STANDARD = "gnu++0x";
				CLANG_CXX_LIBRARY = "libc++";
				CLANG_ENABLE_MODULES = YES;
				CLANG_ENABLE_OBJC_ARC = YES;
				CLANG_WARN_BLOCK_CAPTURE_AUTORELEASING = YES;
				CLANG_WARN_BOOL_CONVERSION = YES;
				CLANG_WARN_COMMA = YES;
				CLANG_WARN_CONSTANT_CONVERSION = YES;
				CLANG_WARN_DEPRECATED_OBJC_IMPLEMENTATIONS = YES;
				CLANG_WARN_DIRECT_OBJC_ISA_USAGE = YES_ERROR;
				CLANG_WARN_DOCUMENTATION_COMMENTS = YES;
				CLANG_WARN_EMPTY_BODY = YES;
				CLANG_WARN_ENUM_CONVERSION = YES;
				CLANG_WARN_INFINITE_RECURSION = YES;
				CLANG_WARN_INT_CONVERSION = YES;
				CLANG_WARN_NON_LITERAL_NULL_CONVERSION = YES;
				CLANG_WARN_OBJC_IMPLICIT_RETAIN_SELF = YES;
				CLANG_WARN_OBJC_LITERAL_CONVERSION = YES;
				CLANG_WARN_OBJC_ROOT_CLASS = YES_ERROR;
				CLANG_WARN_RANGE_LOOP_ANALYSIS = YES;
				CLANG_WARN_STRICT_PROTOTYPES = YES;
				CLANG_WARN_SUSPICIOUS_MOVE = YES;
				CLANG_WARN_UNREACHABLE_CODE = YES;
				CLANG_WARN__DUPLICATE_METHOD_MATCH = YES;
				"CODE_SIGN_IDENTITY[sdk=iphoneos*]" = "iPhone Developer";
				COPY_PHASE_STRIP = NO;
				DEBUG_INFORMATION_FORMAT = dwarf;
				ENABLE_STRICT_OBJC_MSGSEND = YES;
				ENABLE_TESTABILITY = YES;
				GCC_C_LANGUAGE_STANDARD = gnu99;
				GCC_DYNAMIC_NO_PIC = NO;
				GCC_NO_COMMON_BLOCKS = YES;
				GCC_OPTIMIZATION_LEVEL = 0;
				GCC_PREPROCESSOR_DEFINITIONS = (
					"DEBUG=1",
					"$(inherited)",
				);
				GCC_WARN_64_TO_32_BIT_CONVERSION = YES;
				GCC_WARN_ABOUT_RETURN_TYPE = YES_ERROR;
				GCC_WARN_UNDECLARED_SELECTOR = YES;
				GCC_WARN_UNINITIALIZED_AUTOS = YES_AGGRESSIVE;
				GCC_WARN_UNUSED_FUNCTION = YES;
				GCC_WARN_UNUSED_VARIABLE = YES;
				IPHONEOS_DEPLOYMENT_TARGET = 9.0;
				MTL_ENABLE_DEBUG_INFO = YES;
				ONLY_ACTIVE_ARCH = YES;
				SDKROOT = iphoneos;
				SWIFT_ACTIVE_COMPILATION_CONDITIONS = DEBUG;
				SWIFT_OPTIMIZATION_LEVEL = "-Onone";
				SWIFT_VERSION = 4.2;
				TARGETED_DEVICE_FAMILY = "1,2";
			};
			name = Debug;
		};
		AD8D72A41F3DA6C900D5969F /* Release */ = {
			isa = XCBuildConfiguration;
			buildSettings = {
				ALWAYS_SEARCH_USER_PATHS = NO;
				CLANG_ANALYZER_LOCALIZABILITY_NONLOCALIZED = YES;
				CLANG_ANALYZER_NONNULL = YES;
				CLANG_ANALYZER_NUMBER_OBJECT_CONVERSION = YES_AGGRESSIVE;
				CLANG_CXX_LANGUAGE_STANDARD = "gnu++0x";
				CLANG_CXX_LIBRARY = "libc++";
				CLANG_ENABLE_MODULES = YES;
				CLANG_ENABLE_OBJC_ARC = YES;
				CLANG_WARN_BLOCK_CAPTURE_AUTORELEASING = YES;
				CLANG_WARN_BOOL_CONVERSION = YES;
				CLANG_WARN_COMMA = YES;
				CLANG_WARN_CONSTANT_CONVERSION = YES;
				CLANG_WARN_DEPRECATED_OBJC_IMPLEMENTATIONS = YES;
				CLANG_WARN_DIRECT_OBJC_ISA_USAGE = YES_ERROR;
				CLANG_WARN_DOCUMENTATION_COMMENTS = YES;
				CLANG_WARN_EMPTY_BODY = YES;
				CLANG_WARN_ENUM_CONVERSION = YES;
				CLANG_WARN_INFINITE_RECURSION = YES;
				CLANG_WARN_INT_CONVERSION = YES;
				CLANG_WARN_NON_LITERAL_NULL_CONVERSION = YES;
				CLANG_WARN_OBJC_IMPLICIT_RETAIN_SELF = YES;
				CLANG_WARN_OBJC_LITERAL_CONVERSION = YES;
				CLANG_WARN_OBJC_ROOT_CLASS = YES_ERROR;
				CLANG_WARN_RANGE_LOOP_ANALYSIS = YES;
				CLANG_WARN_STRICT_PROTOTYPES = YES;
				CLANG_WARN_SUSPICIOUS_MOVE = YES;
				CLANG_WARN_UNREACHABLE_CODE = YES;
				CLANG_WARN__DUPLICATE_METHOD_MATCH = YES;
				"CODE_SIGN_IDENTITY[sdk=iphoneos*]" = "iPhone Developer";
				COPY_PHASE_STRIP = NO;
				DEBUG_INFORMATION_FORMAT = "dwarf-with-dsym";
				ENABLE_NS_ASSERTIONS = NO;
				ENABLE_STRICT_OBJC_MSGSEND = YES;
				GCC_C_LANGUAGE_STANDARD = gnu99;
				GCC_NO_COMMON_BLOCKS = YES;
				GCC_WARN_64_TO_32_BIT_CONVERSION = YES;
				GCC_WARN_ABOUT_RETURN_TYPE = YES_ERROR;
				GCC_WARN_UNDECLARED_SELECTOR = YES;
				GCC_WARN_UNINITIALIZED_AUTOS = YES_AGGRESSIVE;
				GCC_WARN_UNUSED_FUNCTION = YES;
				GCC_WARN_UNUSED_VARIABLE = YES;
				IPHONEOS_DEPLOYMENT_TARGET = 9.0;
				MTL_ENABLE_DEBUG_INFO = NO;
				SDKROOT = iphoneos;
				SWIFT_OPTIMIZATION_LEVEL = "-Owholemodule";
				SWIFT_VERSION = 4.2;
				TARGETED_DEVICE_FAMILY = "1,2";
				VALIDATE_PRODUCT = YES;
			};
			name = Release;
		};
		AD8D72A61F3DA6C900D5969F /* Debug */ = {
			isa = XCBuildConfiguration;
			buildSettings = {
				ALWAYS_EMBED_SWIFT_STANDARD_LIBRARIES = YES;
				ASSETCATALOG_COMPILER_APPICON_NAME = AppIcon;
				CODE_SIGN_IDENTITY = "iPhone Developer";
				CODE_SIGN_STYLE = Manual;
				DEVELOPMENT_TEAM = "";
				INFOPLIST_FILE = LunchSample/Info.plist;
				LD_RUNPATH_SEARCH_PATHS = "$(inherited) @executable_path/Frameworks";
				PRODUCT_BUNDLE_IDENTIFIER = me.fromkk.LunchSample;
				PRODUCT_NAME = "$(TARGET_NAME)";
				PROVISIONING_PROFILE_SPECIFIER = "";
				SWIFT_VERSION = 4.2;
			};
			name = Debug;
		};
		AD8D72A71F3DA6C900D5969F /* Release */ = {
			isa = XCBuildConfiguration;
			buildSettings = {
				ALWAYS_EMBED_SWIFT_STANDARD_LIBRARIES = YES;
				ASSETCATALOG_COMPILER_APPICON_NAME = AppIcon;
				CODE_SIGN_IDENTITY = "iPhone Developer";
				CODE_SIGN_STYLE = Manual;
				DEVELOPMENT_TEAM = "";
				INFOPLIST_FILE = LunchSample/Info.plist;
				LD_RUNPATH_SEARCH_PATHS = "$(inherited) @executable_path/Frameworks";
				PRODUCT_BUNDLE_IDENTIFIER = me.fromkk.LunchSample;
				PRODUCT_NAME = "$(TARGET_NAME)";
				PROVISIONING_PROFILE_SPECIFIER = "";
				SWIFT_VERSION = 4.2;
			};
			name = Release;
		};
		AD8D72A91F3DA6C900D5969F /* Debug */ = {
			isa = XCBuildConfiguration;
			buildSettings = {
				ALWAYS_EMBED_SWIFT_STANDARD_LIBRARIES = YES;
				CODE_SIGN_STYLE = Manual;
				DEVELOPMENT_TEAM = "";
				INFOPLIST_FILE = LunchSampleUITests/Info.plist;
				LD_RUNPATH_SEARCH_PATHS = "$(inherited) @executable_path/Frameworks @loader_path/Frameworks";
				PRODUCT_BUNDLE_IDENTIFIER = me.fromkk.LunchSampleUITests;
				PRODUCT_NAME = "$(TARGET_NAME)";
				PROVISIONING_PROFILE_SPECIFIER = "";
				SWIFT_VERSION = 4.2;
				TEST_TARGET_NAME = LunchSample;
			};
			name = Debug;
		};
		AD8D72AA1F3DA6C900D5969F /* Release */ = {
			isa = XCBuildConfiguration;
			buildSettings = {
				ALWAYS_EMBED_SWIFT_STANDARD_LIBRARIES = YES;
				CODE_SIGN_STYLE = Manual;
				DEVELOPMENT_TEAM = "";
				INFOPLIST_FILE = LunchSampleUITests/Info.plist;
				LD_RUNPATH_SEARCH_PATHS = "$(inherited) @executable_path/Frameworks @loader_path/Frameworks";
				PRODUCT_BUNDLE_IDENTIFIER = me.fromkk.LunchSampleUITests;
				PRODUCT_NAME = "$(TARGET_NAME)";
				PROVISIONING_PROFILE_SPECIFIER = "";
				SWIFT_VERSION = 4.2;
				TEST_TARGET_NAME = LunchSample;
			};
			name = Release;
		};
		AD8D72BA1F3DA6D900D5969F /* Debug */ = {
			isa = XCBuildConfiguration;
			buildSettings = {
				APPLICATION_EXTENSION_API_ONLY = YES;
				CLANG_ENABLE_MODULES = YES;
				CODE_SIGN_IDENTITY = "";
				CODE_SIGN_STYLE = Manual;
				CURRENT_PROJECT_VERSION = 1;
				DEFINES_MODULE = YES;
				DEVELOPMENT_TEAM = "";
				DYLIB_COMPATIBILITY_VERSION = 1;
				DYLIB_CURRENT_VERSION = 1;
				DYLIB_INSTALL_NAME_BASE = "@rpath";
				INFOPLIST_FILE = Lunch/Info.plist;
				INSTALL_PATH = "$(LOCAL_LIBRARY_DIR)/Frameworks";
				IPHONEOS_DEPLOYMENT_TARGET = 9.0;
				LD_RUNPATH_SEARCH_PATHS = "$(inherited) @executable_path/Frameworks @loader_path/Frameworks";
				PRODUCT_BUNDLE_IDENTIFIER = me.fromkk.Lunch;
				PRODUCT_NAME = "$(TARGET_NAME)";
				PROVISIONING_PROFILE_SPECIFIER = "";
				SKIP_INSTALL = YES;
				SWIFT_OPTIMIZATION_LEVEL = "-Onone";
				SWIFT_SWIFT3_OBJC_INFERENCE = On;
				SWIFT_VERSION = 4.2;
				VERSIONING_SYSTEM = "apple-generic";
				VERSION_INFO_PREFIX = "";
			};
			name = Debug;
		};
		AD8D72BB1F3DA6D900D5969F /* Release */ = {
			isa = XCBuildConfiguration;
			buildSettings = {
				APPLICATION_EXTENSION_API_ONLY = YES;
				CLANG_ENABLE_MODULES = YES;
				CODE_SIGN_IDENTITY = "";
				CODE_SIGN_STYLE = Manual;
				CURRENT_PROJECT_VERSION = 1;
				DEFINES_MODULE = YES;
				DEVELOPMENT_TEAM = "";
				DYLIB_COMPATIBILITY_VERSION = 1;
				DYLIB_CURRENT_VERSION = 1;
				DYLIB_INSTALL_NAME_BASE = "@rpath";
				INFOPLIST_FILE = Lunch/Info.plist;
				INSTALL_PATH = "$(LOCAL_LIBRARY_DIR)/Frameworks";
				IPHONEOS_DEPLOYMENT_TARGET = 9.0;
				LD_RUNPATH_SEARCH_PATHS = "$(inherited) @executable_path/Frameworks @loader_path/Frameworks";
				PRODUCT_BUNDLE_IDENTIFIER = me.fromkk.Lunch;
				PRODUCT_NAME = "$(TARGET_NAME)";
				PROVISIONING_PROFILE_SPECIFIER = "";
				SKIP_INSTALL = YES;
				SWIFT_SWIFT3_OBJC_INFERENCE = On;
				SWIFT_VERSION = 4.2;
				VERSIONING_SYSTEM = "apple-generic";
				VERSION_INFO_PREFIX = "";
			};
			name = Release;
		};
		AD8D72DD1F3DA70000D5969F /* Debug */ = {
			isa = XCBuildConfiguration;
			buildSettings = {
				CLANG_ENABLE_MODULES = YES;
				CODE_SIGN_IDENTITY = "";
				CODE_SIGN_STYLE = Manual;
				CURRENT_PROJECT_VERSION = 1;
				DEFINES_MODULE = YES;
				DEVELOPMENT_TEAM = "";
				DYLIB_COMPATIBILITY_VERSION = 1;
				DYLIB_CURRENT_VERSION = 1;
				DYLIB_INSTALL_NAME_BASE = "@rpath";
				ENABLE_BITCODE = NO;
				FRAMEWORK_SEARCH_PATHS = (
					"$(PLATFORM_DIR)/Developer/Library/Frameworks",
					"$(inherited)",
				);
				INFOPLIST_FILE = LunchTest/Info.plist;
				INSTALL_PATH = "$(LOCAL_LIBRARY_DIR)/Frameworks";
				IPHONEOS_DEPLOYMENT_TARGET = 9.0;
				LD_RUNPATH_SEARCH_PATHS = "$(inherited) @executable_path/Frameworks @loader_path/Frameworks";
				OTHER_LDFLAGS = (
					"-weak_framework",
					XCTest,
					"-weak-lswiftXCTest",
				);
				PRODUCT_BUNDLE_IDENTIFIER = me.fromkk.LunchTest;
				PRODUCT_NAME = "$(TARGET_NAME)";
				PROVISIONING_PROFILE_SPECIFIER = "";
				SKIP_INSTALL = YES;
				SWIFT_OPTIMIZATION_LEVEL = "-Onone";
				SWIFT_VERSION = 4.2;
				VERSIONING_SYSTEM = "apple-generic";
				VERSION_INFO_PREFIX = "";
			};
			name = Debug;
		};
		AD8D72DE1F3DA70000D5969F /* Release */ = {
			isa = XCBuildConfiguration;
			buildSettings = {
				CLANG_ENABLE_MODULES = YES;
				CODE_SIGN_IDENTITY = "";
				CODE_SIGN_STYLE = Manual;
				CURRENT_PROJECT_VERSION = 1;
				DEFINES_MODULE = YES;
				DEVELOPMENT_TEAM = "";
				DYLIB_COMPATIBILITY_VERSION = 1;
				DYLIB_CURRENT_VERSION = 1;
				DYLIB_INSTALL_NAME_BASE = "@rpath";
				ENABLE_BITCODE = NO;
				FRAMEWORK_SEARCH_PATHS = (
					"$(PLATFORM_DIR)/Developer/Library/Frameworks",
					"$(inherited)",
				);
				INFOPLIST_FILE = LunchTest/Info.plist;
				INSTALL_PATH = "$(LOCAL_LIBRARY_DIR)/Frameworks";
				IPHONEOS_DEPLOYMENT_TARGET = 9.0;
				LD_RUNPATH_SEARCH_PATHS = "$(inherited) @executable_path/Frameworks @loader_path/Frameworks";
				OTHER_LDFLAGS = (
					"-weak_framework",
					XCTest,
					"-weak-lswiftXCTest",
				);
				PRODUCT_BUNDLE_IDENTIFIER = me.fromkk.LunchTest;
				PRODUCT_NAME = "$(TARGET_NAME)";
				PROVISIONING_PROFILE_SPECIFIER = "";
				SKIP_INSTALL = YES;
				SWIFT_VERSION = 4.2;
				VERSIONING_SYSTEM = "apple-generic";
				VERSION_INFO_PREFIX = "";
			};
			name = Release;
		};
/* End XCBuildConfiguration section */

/* Begin XCConfigurationList section */
		AD7639621F47121900BDF5A8 /* Build configuration list for PBXNativeTarget "LunchUnitTests" */ = {
			isa = XCConfigurationList;
			buildConfigurations = (
				AD7639601F47121900BDF5A8 /* Debug */,
				AD7639611F47121900BDF5A8 /* Release */,
			);
			defaultConfigurationIsVisible = 0;
			defaultConfigurationName = Release;
		};
		AD7639711F47150500BDF5A8 /* Build configuration list for PBXNativeTarget "LunchTestTests" */ = {
			isa = XCConfigurationList;
			buildConfigurations = (
				AD7639721F47150500BDF5A8 /* Debug */,
				AD7639731F47150500BDF5A8 /* Release */,
			);
			defaultConfigurationIsVisible = 0;
			defaultConfigurationName = Release;
		};
		AD8D72831F3DA6C900D5969F /* Build configuration list for PBXProject "LunchSample" */ = {
			isa = XCConfigurationList;
			buildConfigurations = (
				AD8D72A31F3DA6C900D5969F /* Debug */,
				AD8D72A41F3DA6C900D5969F /* Release */,
			);
			defaultConfigurationIsVisible = 0;
			defaultConfigurationName = Release;
		};
		AD8D72A51F3DA6C900D5969F /* Build configuration list for PBXNativeTarget "LunchSample" */ = {
			isa = XCConfigurationList;
			buildConfigurations = (
				AD8D72A61F3DA6C900D5969F /* Debug */,
				AD8D72A71F3DA6C900D5969F /* Release */,
			);
			defaultConfigurationIsVisible = 0;
			defaultConfigurationName = Release;
		};
		AD8D72A81F3DA6C900D5969F /* Build configuration list for PBXNativeTarget "LunchSampleUITests" */ = {
			isa = XCConfigurationList;
			buildConfigurations = (
				AD8D72A91F3DA6C900D5969F /* Debug */,
				AD8D72AA1F3DA6C900D5969F /* Release */,
			);
			defaultConfigurationIsVisible = 0;
			defaultConfigurationName = Release;
		};
		AD8D72B91F3DA6D900D5969F /* Build configuration list for PBXNativeTarget "Lunch" */ = {
			isa = XCConfigurationList;
			buildConfigurations = (
				AD8D72BA1F3DA6D900D5969F /* Debug */,
				AD8D72BB1F3DA6D900D5969F /* Release */,
			);
			defaultConfigurationIsVisible = 0;
			defaultConfigurationName = Release;
		};
		AD8D72DC1F3DA70000D5969F /* Build configuration list for PBXNativeTarget "LunchTest" */ = {
			isa = XCConfigurationList;
			buildConfigurations = (
				AD8D72DD1F3DA70000D5969F /* Debug */,
				AD8D72DE1F3DA70000D5969F /* Release */,
			);
			defaultConfigurationIsVisible = 0;
			defaultConfigurationName = Release;
		};
/* End XCConfigurationList section */
	};
	rootObject = AD8D72801F3DA6C900D5969F /* Project object */;
}
