<?xml version="1.0" encoding="UTF-8"?>
<Scheme
   LastUpgradeVersion = "0930"
   version = "1.3">
   <BuildAction
      parallelizeBuildables = "YES"
      buildImplicitDependencies = "YES">
      <BuildActionEntries>
         <BuildActionEntry
            buildForTesting = "YES"
            buildForRunning = "YES"
            buildForProfiling = "YES"
            buildForArchiving = "YES"
            buildForAnalyzing = "YES">
            <BuildableReference
               BuildableIdentifier = "primary"
               BlueprintIdentifier = "AD8D72871F3DA6C900D5969F"
               BuildableName = "LunchSample.app"
               BlueprintName = "LunchSample"
               ReferencedContainer = "container:LunchSample.xcodeproj">
            </BuildableReference>
         </BuildActionEntry>
      </BuildActionEntries>
   </BuildAction>
   <TestAction
      buildConfiguration = "Debug"
      selectedDebuggerIdentifier = "Xcode.DebuggerFoundation.Debugger.LLDB"
      selectedLauncherIdentifier = "Xcode.DebuggerFoundation.Launcher.LLDB"
      shouldUseLaunchSchemeArgsEnv = "YES">
      <Testables>
         <TestableReference
            skipped = "NO">
            <BuildableReference
               BuildableIdentifier = "primary"
               BlueprintIdentifier = "AD8D729B1F3DA6C900D5969F"
               BuildableName = "LunchSampleUITests.xctest"
               BlueprintName = "LunchSampleUITests"
               ReferencedContainer = "container:LunchSample.xcodeproj">
            </BuildableReference>
         </TestableReference>
      </Testables>
      <MacroExpansion>
         <BuildableReference
            BuildableIdentifier = "primary"
            BlueprintIdentifier = "AD8D72871F3DA6C900D5969F"
            BuildableName = "LunchSample.app"
            BlueprintName = "LunchSample"
            ReferencedContainer = "container:LunchSample.xcodeproj">
         </BuildableReference>
      </MacroExpansion>
      <AdditionalOptions>
      </AdditionalOptions>
   </TestAction>
   <LaunchAction
      buildConfiguration = "Debug"
      selectedDebuggerIdentifier = "Xcode.DebuggerFoundation.Debugger.LLDB"
      selectedLauncherIdentifier = "Xcode.DebuggerFoundation.Launcher.LLDB"
      language = "ja"
      region = "JP"
      launchStyle = "0"
      useCustomWorkingDirectory = "NO"
      ignoresPersistentStateOnLaunch = "NO"
      debugDocumentVersioning = "YES"
      debugServiceExtension = "internal"
      allowLocationSimulation = "YES">
      <BuildableProductRunnable
         runnableDebuggingMode = "0">
         <BuildableReference
            BuildableIdentifier = "primary"
            BlueprintIdentifier = "AD8D72871F3DA6C900D5969F"
            BuildableName = "LunchSample.app"
            BlueprintName = "LunchSample"
            ReferencedContainer = "container:LunchSample.xcodeproj">
         </BuildableReference>
      </BuildableProductRunnable>
      <EnvironmentVariables>
         <EnvironmentVariable
            key = "LAUNCH_VIEW_CONTROLLER"
            value = "LunchViewController"
            isEnabled = "NO">
         </EnvironmentVariable>
         <EnvironmentVariable
            key = "LAUNCH_USER_INFO"
            value = "{&quot;MOCK_JSON&quot;: &quot;{\&quot;menu\&quot;: \&quot;Rice\&quot;}&quot;}"
            isEnabled = "YES">
         </EnvironmentVariable>
         <EnvironmentVariable
            key = "LAUNCH_VIEW_CONTROLLER"
            value = "BreakfastViewController"
            isEnabled = "YES">
         </EnvironmentVariable>
         <EnvironmentVariable
            key = "LAUNCH_VIEW_CONTROLLER"
            value = "DinnerViewController"
            isEnabled = "NO">
         </EnvironmentVariable>
      </EnvironmentVariables>
      <AdditionalOptions>
      </AdditionalOptions>
   </LaunchAction>
   <ProfileAction
      buildConfiguration = "Release"
      shouldUseLaunchSchemeArgsEnv = "YES"
      savedToolIdentifier = ""
      useCustomWorkingDirectory = "NO"
      debugDocumentVersioning = "YES">
      <BuildableProductRunnable
         runnableDebuggingMode = "0">
         <BuildableReference
            BuildableIdentifier = "primary"
            BlueprintIdentifier = "AD8D72871F3DA6C900D5969F"
            BuildableName = "LunchSample.app"
            BlueprintName = "LunchSample"
            ReferencedContainer = "container:LunchSample.xcodeproj">
         </BuildableReference>
      </BuildableProductRunnable>
   </ProfileAction>
   <AnalyzeAction
      buildConfiguration = "Debug">
   </AnalyzeAction>
   <ArchiveAction
      buildConfiguration = "Release"
      revealArchiveInOrganizer = "YES">
   </ArchiveAction>
</Scheme>
